
Microsoft Visual Studio Solution File, Format Version 12.00
# Visual Studio 15
VisualStudioVersion = 15.0.28307.329
MinimumVisualStudioVersion = 10.0.40219.1
Project("{FAE04EC0-301F-11D3-BF4B-00C04F79EFBC}") = "Vidly", "Vidly\Vidly.csproj", "{734C8338-AB75-4AD7-8EB5-BC4A02A47815}"
EndProject
Project("{E53339B2-1760-4266-BCC7-CA923CBCF16C}") = "docker-compose", "docker-compose.dcproj", "{307C3BA5-5D5A-419A-A5E1-2D8FF15F7861}"
EndProject
Global
	GlobalSection(SolutionConfigurationPlatforms) = preSolution
		Debug|Any CPU = Debug|Any CPU
		Release|Any CPU = Release|Any CPU
	EndGlobalSection
	GlobalSection(ProjectConfigurationPlatforms) = postSolution
		{734C8338-AB75-4AD7-8EB5-BC4A02A47815}.Debug|Any CPU.ActiveCfg = Debug|Any CPU
		{734C8338-AB75-4AD7-8EB5-BC4A02A47815}.Debug|Any CPU.Build.0 = Debug|Any CPU
		{734C8338-AB75-4AD7-8EB5-BC4A02A47815}.Release|Any CPU.ActiveCfg = Release|Any CPU
		{734C8338-AB75-4AD7-8EB5-BC4A02A47815}.Release|Any CPU.Build.0 = Release|Any CPU
		{307C3BA5-5D5A-419A-A5E1-2D8FF15F7861}.Debug|Any CPU.ActiveCfg = Debug|Any CPU
		{307C3BA5-5D5A-419A-A5E1-2D8FF15F7861}.Debug|Any CPU.Build.0 = Debug|Any CPU
		{307C3BA5-5D5A-419A-A5E1-2D8FF15F7861}.Release|Any CPU.ActiveCfg = Release|Any CPU
		{307C3BA5-5D5A-419A-A5E1-2D8FF15F7861}.Release|Any CPU.Build.0 = Release|Any CPU
	EndGlobalSection
	GlobalSection(SolutionProperties) = preSolution
		HideSolutionNode = FALSE
	EndGlobalSection
	GlobalSection(ExtensibilityGlobals) = postSolution
		SolutionGuid = {373549A4-2FBE-45D9-99BC-D4582741A350}
	EndGlobalSection
EndGlobal
